{
  "lockfile_version": "1",
  "packages": {
    "autoconf@latest": {
      "last_modified": "2026-03-02T11:03:52Z",
      "resolved": "github:NixOS/nixpkgs/dc7513872406b53d2ff417a003895d6daffdff2f#autoconf",
      "source": "devbox-search",
      "version": "2.72",
      "systems": {
        "aarch64-darwin": {
          "outputs": [
            {
              "name": "out",
              "path": "/nix/store/wmw82jsa77svifbi5zv4s1hpwz29d9g1-autoconf-2.72",
              "default": true
            },
            {
              "name": "doc",
              "path": "/nix/store/8n7m20wvvibbd0g7a3sl1xhqzf6w96js-autoconf-2.72-doc"
            }
          ],
          "store_path": "/nix/store/wmw82jsa77svifbi5zv4s1hpwz29d9g1-autoconf-2.72"
        },
        "aarch64-linux": {
          "outputs": [
            {
              "name": "out",
              "path": "/nix/store/q1dy564a0p4s1smmjpiak4si9yrqk6xr-autoconf-2.72",
              "default": true
            },
            {
              "name": "doc",
              "path": "/nix/store/hqgj3knrrzgq42vs1a3sl81iih3jk2al-autoconf-2.72-doc"
            }
          ],
          "store_path": "/nix/store/q1dy564a0p4s1smmjpiak4si9yrqk6xr-autoconf-2.72"
        },
        "x86_64-darwin": {
          "outputs": [
            {
              "name": "out",
              "path": "/nix/store/m102c496qwyz36d40x3f2b5w5if7gvf4-autoconf-2.72",
              "default": true
            },
            {
              "name": "doc",
              "path": "/nix/store/5lgmpgsd2z40y1crjz71hs0mwmwaj89x-autoconf-2.72-doc"
            }
          ],
          "store_path": "/nix/store/m102c496qwyz36d40x3f2b5w5if7gvf4-autoconf-2.72"
        },
        "x86_64-linux": {
          "outputs": [
            {
              "name": "out",
              "path": "/nix/store/a2yh1crilf3p3vm6485nzr2xg5c9pfzc-autoconf-2.72",
              "default": true
            },
            {
              "name": "doc",
              "path": "/nix/store/004vhy7khw320hmij7pqqqxi815ph9qh-autoconf-2.72-doc"
            }
          ],
          "store_path": "/nix/store/a2yh1crilf3p3vm6485nzr2xg5c9pfzc-autoconf-2.72"
        }
      }
    },
    "chromedriver@latest": {
      "last_modified": "2026-03-14T16:50:54Z",
      "resolved": "github:NixOS/nixpkgs/e80236013dc8b77aa49ca90e7a12d86f5d8d64c9#chromedriver",
      "source": "devbox-search",
      "version": "146.0.7680.80",
      "systems": {
        "aarch64-darwin": {
          "outputs": [
            {
              "name": "out",
              "path": "/nix/store/s77irfmp92dpbjwmp3v3vxdwcakvm8ph-chromedriver-146.0.7680.80",
              "default": true
            }
          ],
          "store_path": "/nix/store/s77irfmp92dpbjwmp3v3vxdwcakvm8ph-chromedriver-146.0.7680.80"
        },
        "aarch64-linux": {
          "outputs": [
            {
              "name": "out",
              "path": "/nix/store/wqsapvw27wscsg3yd9dkz9722q1v5nwi-chromedriver-unwrapped-146.0.7680.80",
              "default": true
            }
          ],
          "store_path": "/nix/store/wqsapvw27wscsg3yd9dkz9722q1v5nwi-chromedriver-unwrapped-146.0.7680.80"
        },
        "x86_64-darwin": {
          "outputs": [
            {
              "name": "out",
              "path": "/nix/store/s4j5dvagmg5pmnfhjhily1i89mhrnc5s-chromedriver-146.0.7680.80",
              "default": true
            }
          ],
          "store_path": "/nix/store/s4j5dvagmg5pmnfhjhily1i89mhrnc5s-chromedriver-146.0.7680.80"
        },
        "x86_64-linux": {
          "outputs": [
            {
              "name": "out",
              "path": "/nix/store/xxfa7amv8g29gba9jbj0hvllqw95h6qh-chromedriver-unwrapped-146.0.7680.80",
              "default": true
            }
          ],
          "store_path": "/nix/store/xxfa7amv8g29gba9jbj0hvllqw95h6qh-chromedriver-unwrapped-146.0.7680.80"
        }
      }
    },
    "gcc@latest": {
      "last_modified": "2026-02-23T15:40:43Z",
      "resolved": "github:NixOS/nixpkgs/80d901ec0377e19ac3f7bb8c035201e2e098cc97#gcc",
      "source": "devbox-search",
      "version": "15.2.0",
      "systems": {
        "aarch64-darwin": {
          "outputs": [
            {
              "name": "out",
              "path": "/nix/store/ljjhqql9gdv64pwn08cmmkzjpkwkkgmc-gcc-wrapper-15.2.0",
              "default": true
            },
            {
              "name": "man",
              "path": "/nix/store/x3jrq5zaj6f8m2zk96m2r9bk61dcgw7l-gcc-wrapper-15.2.0-man",
              "default": true
            },
            {
              "name": "info",
              "path": "/nix/store/2lckjqhqbpzv4m6qycsyirzvcgkqwi62-gcc-wrapper-15.2.0-info"
            }
          ],
          "store_path": "/nix/store/ljjhqql9gdv64pwn08cmmkzjpkwkkgmc-gcc-wrapper-15.2.0"
        },
        "aarch64-linux": {
          "outputs": [
            {
              "name": "out",
              "path": "/nix/store/6hazq450ci6m382yq4ym8a6mbiv9mfsk-gcc-wrapper-15.2.0",
              "default": true
            },
            {
              "name": "man",
              "path": "/nix/store/y50lsbpbiy4wg5ccbbb68rabs2n3m69b-gcc-wrapper-15.2.0-man",
              "default": true
            },
            {
              "name": "info",
              "path": "/nix/store/0ps642kc7j7wg0bz3hb978plg16xfi7n-gcc-wrapper-15.2.0-info"
            }
          ],
          "store_path": "/nix/store/6hazq450ci6m382yq4ym8a6mbiv9mfsk-gcc-wrapper-15.2.0"
        },
        "x86_64-darwin": {
          "outputs": [
            {
              "name": "out",
              "path": "/nix/store/adhxk22r0v0jsm26z0hfrzznwix7l491-gcc-wrapper-15.2.0",
              "default": true
            },
            {
              "name": "man",
              "path": "/nix/store/gln5ld8gg6xfaczzyi84r586pwax8qz5-gcc-wrapper-15.2.0-man",
              "default": true
            },
            {
              "name": "info",
              "path": "/nix/store/a0c8viyq35k1lzx4w1g76kcxsjra5d9h-gcc-wrapper-15.2.0-info"
            }
          ],
          "store_path": "/nix/store/adhxk22r0v0jsm26z0hfrzznwix7l491-gcc-wrapper-15.2.0"
        },
        "x86_64-linux": {
          "outputs": [
            {
              "name": "out",
              "path": "/nix/store/kbw2j1vag664b3sj3rjwz9v53cqx87sb-gcc-wrapper-15.2.0",
              "default": true
            },
            {
              "name": "man",
              "path": "/nix/store/crcj0frpw4i8shmfwgyfx9fsqklf2iq5-gcc-wrapper-15.2.0-man",
              "default": true
            },
            {
              "name": "info",
              "path": "/nix/store/mj78x8b2vp0q9j6xf7bmvinn3m2csfhp-gcc-wrapper-15.2.0-info"
            }
          ],
          "store_path": "/nix/store/kbw2j1vag664b3sj3rjwz9v53cqx87sb-gcc-wrapper-15.2.0"
        }
      }
    },
    "git@latest": {
      "last_modified": "2026-03-02T11:03:52Z",
      "resolved": "github:NixOS/nixpkgs/dc7513872406b53d2ff417a003895d6daffdff2f#git",
      "source": "devbox-search",
      "version": "2.53.0",
      "systems": {
        "aarch64-darwin": {
          "outputs": [
            {
              "name": "out",
              "path": "/nix/store/rfbzyqcygzpyh5ncb79n07x8bhws2pq3-git-2.53.0",
              "default": true
            },
            {
              "name": "doc",
              "path": "/nix/store/lgbyzfz2j1j7g47331i5684765akl38m-git-2.53.0-doc"
            }
          ],
          "store_path": "/nix/store/rfbzyqcygzpyh5ncb79n07x8bhws2pq3-git-2.53.0"
        },
        "aarch64-linux": {
          "outputs": [
            {
              "name": "out",
              "path": "/nix/store/xz8bzpl5fz92bkhcdmf4g45znvvzcakd-git-2.53.0",
              "default": true
            },
            {
              "name": "debug",
              "path": "/nix/store/xr7sgggqixdji66nhax03lwmk25ms7af-git-2.53.0-debug"
            },
            {
              "name": "doc",
              "path": "/nix/store/lspm2ph3iad5y9irmh2wms6bm3nhhy76-git-2.53.0-doc"
            }
          ],
          "store_path": "/nix/store/xz8bzpl5fz92bkhcdmf4g45znvvzcakd-git-2.53.0"
        },
        "x86_64-darwin": {
          "outputs": [
            {
              "name": "out",
              "path": "/nix/store/bmddbpv896f9rgnm0835434qjiqh1psc-git-2.53.0",
              "default": true
            },
            {
              "name": "doc",
              "path": "/nix/store/0wx1wdjy7imyv7cp6p6m2l17ycq7n3q4-git-2.53.0-doc"
            }
          ],
          "store_path": "/nix/store/bmddbpv896f9rgnm0835434qjiqh1psc-git-2.53.0"
        },
        "x86_64-linux": {
          "outputs": [
            {
              "name": "out",
              "path": "/nix/store/8x49w8i0vafv34rlc6h4a0f7z0z2qpb5-git-2.53.0",
              "default": true
            },
            {
              "name": "debug",
              "path": "/nix/store/i9fi7yqx2z2dryn80w5pr4b1v4nmyida-git-2.53.0-debug"
            },
            {
              "name": "doc",
              "path": "/nix/store/frqc9w8q0dxsg7b8w3j0cv1lb9bd6xww-git-2.53.0-doc"
            }
          ],
          "store_path": "/nix/store/8x49w8i0vafv34rlc6h4a0f7z0z2qpb5-git-2.53.0"
        }
      }
    },
    "github:NixOS/nixpkgs/nixpkgs-unstable": {
      "last_modified": "2026-02-16T02:09:13Z",
      "resolved": "github:NixOS/nixpkgs/d1c15b7d5806069da59e819999d70e1cec0760bf?lastModified=1771207753&narHash=sha256-b9uG8yN50DRQ6A7JdZBfzq718ryYrlmGgqkRm9OOwCE%3D"
    },
    "gnumake@latest": {
      "last_modified": "2026-03-02T11:03:52Z",
      "resolved": "github:NixOS/nixpkgs/dc7513872406b53d2ff417a003895d6daffdff2f#gnumake",
      "source": "devbox-search",
      "version": "4.4.1",
      "systems": {
        "aarch64-darwin": {
          "outputs": [
            {
              "name": "out",
              "path": "/nix/store/l8jkq4dnsknlxz436w6gw5rcm09mvq6p-gnumake-4.4.1",
              "default": true
            },
            {
              "name": "man",
              "path": "/nix/store/0qrs1ij6pa43h6d2kvy432gii6gzdyww-gnumake-4.4.1-man",
              "default": true
            },
            {
              "name": "doc",
              "path": "/nix/store/rz0cl03rws25hb625ysz58h4jci9zaxx-gnumake-4.4.1-doc"
            },
            {
              "name": "info",
              "path": "/nix/store/a5aasi52xsdvwxn1kqsxahfr40b92cb9-gnumake-4.4.1-info"
            }
          ],
          "store_path": "/nix/store/l8jkq4dnsknlxz436w6gw5rcm09mvq6p-gnumake-4.4.1"
        },
        "aarch64-linux": {
          "outputs": [
            {
              "name": "out",
              "path": "/nix/store/ll59b86m0kn5gxmk0qvrgb5vkl7wsw6d-gnumake-4.4.1",
              "default": true
            },
            {
              "name": "man",
              "path": "/nix/store/3avxkf4xbqp7r0sarmij3cs6ig2whn0l-gnumake-4.4.1-man",
              "default": true
            },
            {
              "name": "debug",
              "path": "/nix/store/1ba52w1pz1h7jfi4kc02m21jxvncwb14-gnumake-4.4.1-debug"
            },
            {
              "name": "doc",
              "path": "/nix/store/r238n9mfsxpl826l35127ng810pifb7c-gnumake-4.4.1-doc"
            },
            {
              "name": "info",
              "path": "/nix/store/d49b6qcdpzxqifrysyc2a63x2hdcgbyn-gnumake-4.4.1-info"
            }
          ],
          "store_path": "/nix/store/ll59b86m0kn5gxmk0qvrgb5vkl7wsw6d-gnumake-4.4.1"
        },
        "x86_64-darwin": {
          "outputs": [
            {
              "name": "out",
              "path": "/nix/store/vrsm757lm1rfwqplz17cynq1g9fcyv8w-gnumake-4.4.1",
              "default": true
            },
            {
              "name": "man",
              "path": "/nix/store/1pvfnfv9abkm4w76r728bhbl7i1fm0vv-gnumake-4.4.1-man",
              "default": true
            },
            {
              "name": "doc",
              "path": "/nix/store/d5iqi0n18b0qhkdzn43ninhwlnr6cp5y-gnumake-4.4.1-doc"
            },
            {
              "name": "info",
              "path": "/nix/store/cr97vh5g50wql7k3v7gvkiinxyq3plbq-gnumake-4.4.1-info"
            }
          ],
          "store_path": "/nix/store/vrsm757lm1rfwqplz17cynq1g9fcyv8w-gnumake-4.4.1"
        },
        "x86_64-linux": {
          "outputs": [
            {
              "name": "out",
              "path": "/nix/store/d0irz6jq0d16h6iggq1mcwwvvxzi4lvy-gnumake-4.4.1",
              "default": true
            },
            {
              "name": "man",
              "path": "/nix/store/glc6p5665hd292d3lx1a7rz3f8zwb0r2-gnumake-4.4.1-man",
              "default": true
            },
            {
              "name": "debug",
              "path": "/nix/store/lja6ghxrkm2c0i6cgyd88ckpzkdiwjy4-gnumake-4.4.1-debug"
            },
            {
              "name": "doc",
              "path": "/nix/store/s5mwixm6ks90jxkz69vsl4mdafqqw4kb-gnumake-4.4.1-doc"
            },
            {
              "name": "info",
              "path": "/nix/store/d0jpi3dn36051rnlpcl218yjc2k2mm79-gnumake-4.4.1-info"
            }
          ],
          "store_path": "/nix/store/d0irz6jq0d16h6iggq1mcwwvvxzi4lvy-gnumake-4.4.1"
        }
      }
    },
    "jdk11@latest": {
      "last_modified": "2025-10-22T20:59:19Z",
      "resolved": "github:NixOS/nixpkgs/01b6809f7f9d1183a2b3e081f0a1e6f8f415cb09#jdk11",
      "source": "devbox-search",
      "version": "11.0.24",
      "systems": {
        "aarch64-darwin": {
          "outputs": [
            {
              "name": "out",
              "path": "/nix/store/37hfzzxsxbvkb35y1v9hfkw802l6j3xq-zulu-ca-jdk-11.0.24",
              "default": true
            }
          ],
          "store_path": "/nix/store/37hfzzxsxbvkb35y1v9hfkw802l6j3xq-zulu-ca-jdk-11.0.24"
        },
        "x86_64-darwin": {
          "outputs": [
            {
              "name": "out",
              "path": "/nix/store/kl9yv2dppl8cbj2zy23lm7n8gppv4sp5-zulu-ca-jdk-11.0.24",
              "default": true
            }
          ],
          "store_path": "/nix/store/kl9yv2dppl8cbj2zy23lm7n8gppv4sp5-zulu-ca-jdk-11.0.24"
        }
      }
    },
    "jq@latest": {
      "last_modified": "2026-03-15T17:58:12Z",
      "resolved": "github:NixOS/nixpkgs/a07d4ce6bee67d7c838a8a5796e75dff9caa21ef#jq",
      "source": "devbox-search",
      "version": "1.8.1",
      "systems": {
        "aarch64-darwin": {
          "outputs": [
            {
              "name": "bin",
              "path": "/nix/store/qclllhrddhsqs87zrjhb0rikj9vh382g-jq-1.8.1-bin",
              "default": true
            },
            {
              "name": "man",
              "path": "/nix/store/fw0rb615pja12zpdqdn4w8bxvb310pf9-jq-1.8.1-man",
              "default": true
            },
            {
              "name": "doc",
              "path": "/nix/store/im47zqjcdg2bhx97fkwvx7p1yzi098hz-jq-1.8.1-doc"
            },
            {
              "name": "out",
              "path": "/nix/store/w513pwkks3lw9ligjigpqniqj3dbipsl-jq-1.8.1"
            },
            {
              "name": "dev",
              "path": "/nix/store/2hj3wiwnf5yjp0n176wgyd9f0ln11zhz-jq-1.8.1-dev"
            }
          ],
          "store_path": "/nix/store/qclllhrddhsqs87zrjhb0rikj9vh382g-jq-1.8.1-bin"
        },
        "aarch64-linux": {
          "outputs": [
            {
              "name": "bin",
              "path": "/nix/store/bnsyxn71xzc4nd86k6j25wmzncir628l-jq-1.8.1-bin",
              "default": true
            },
            {
              "name": "man",
              "path": "/nix/store/bl1f8rn2amdw86y6zyxybpz0g9bkd4yw-jq-1.8.1-man",
              "default": true
            },
            {
              "name": "doc",
              "path": "/nix/store/rdp9243l8x6pqmcrz99nwa4kf25km9w7-jq-1.8.1-doc"
            },
            {
              "name": "out",
              "path": "/nix/store/zglcyjcxpsnqq4ip8w2myqmlv08641b0-jq-1.8.1"
            },
            {
              "name": "dev",
              "path": "/nix/store/3iy3f3m2ikjsw8bmx7485flysxj1vgk7-jq-1.8.1-dev"
            }
          ],
          "store_path": "/nix/store/bnsyxn71xzc4nd86k6j25wmzncir628l-jq-1.8.1-bin"
        },
        "x86_64-darwin": {
          "outputs": [
            {
              "name": "bin",
              "path": "/nix/store/silqkfms6xjsaq0w3m0g6ygl4zj9992c-jq-1.8.1-bin",
              "default": true
            },
            {
              "name": "man",
              "path": "/nix/store/034cqaasry6lv5nc3nkngp2p1ww3rib6-jq-1.8.1-man",
              "default": true
            },
            {
              "name": "doc",
              "path": "/nix/store/yqm1xgg9ivm1jlkn2x0bwyc3l499cw4i-jq-1.8.1-doc"
            },
            {
              "name": "out",
              "path": "/nix/store/hjc1gxah0mlc523mr4h9mxwzk7nx96hq-jq-1.8.1"
            },
            {
              "name": "dev",
              "path": "/nix/store/504ml9mmnn1b1y50i6dd13kbadg4kwj9-jq-1.8.1-dev"
            }
          ],
          "store_path": "/nix/store/silqkfms6xjsaq0w3m0g6ygl4zj9992c-jq-1.8.1-bin"
        },
        "x86_64-linux": {
          "outputs": [
            {
              "name": "bin",
              "path": "/nix/store/jyi1vkcbaihqbfbra4qd0107sj1jhdk4-jq-1.8.1-bin",
              "default": true
            },
            {
              "name": "man",
              "path": "/nix/store/lqxm904bymdhvi8fc2l6gpj0n4wq33a8-jq-1.8.1-man",
              "default": true
            },
            {
              "name": "dev",
              "path": "/nix/store/1m6s8nd3x7s7jddjdgydq10c5wj4dj4h-jq-1.8.1-dev"
            },
            {
              "name": "doc",
              "path": "/nix/store/51isxd9mi828n238hj3572vmfx12msp1-jq-1.8.1-doc"
            },
            {
              "name": "out",
              "path": "/nix/store/70bwclvic12925zck7za5y9g761l9kkh-jq-1.8.1"
            }
          ],
          "store_path": "/nix/store/jyi1vkcbaihqbfbra4qd0107sj1jhdk4-jq-1.8.1-bin"
        }
      }
    },
    "libxml2@latest": {
      "last_modified": "2026-03-14T16:50:54Z",
      "resolved": "github:NixOS/nixpkgs/e80236013dc8b77aa49ca90e7a12d86f5d8d64c9#libxml2",
      "source": "devbox-search",
      "version": "2.15.1",
      "systems": {
        "aarch64-darwin": {
          "outputs": [
            {
              "name": "bin",
              "path": "/nix/store/fcfi7wlkcdnf5lbc9gd2rsinvdahv5q2-libxml2-2.15.1-bin",
              "default": true
            },
            {
              "name": "dev",
              "path": "/nix/store/9vv2cnrg78a34207sqkrzx3smnkdz42x-libxml2-2.15.1-dev"
            },
            {
              "name": "out",
              "path": "/nix/store/b9cc33qd9n38q9g98p9hiclnd25z21zj-libxml2-2.15.1"
            }
          ],
          "store_path": "/nix/store/fcfi7wlkcdnf5lbc9gd2rsinvdahv5q2-libxml2-2.15.1-bin"
        },
        "aarch64-linux": {
          "outputs": [
            {
              "name": "bin",
              "path": "/nix/store/kplhn4yigwq305fg4x7ixvfbrcb19gwf-libxml2-2.15.1-bin",
              "default": true
            },
            {
              "name": "dev",
              "path": "/nix/store/3y1489p8x85cshsnmbvprwwj58x1da5r-libxml2-2.15.1-dev"
            },
            {
              "name": "out",
              "path": "/nix/store/mzqa3bl4lf29x18gxr6nkcimbls4aizy-libxml2-2.15.1"
            }
          ],
          "store_path": "/nix/store/kplhn4yigwq305fg4x7ixvfbrcb19gwf-libxml2-2.15.1-bin"
        },
        "x86_64-darwin": {
          "outputs": [
            {
              "name": "bin",
              "path": "/nix/store/0kpvws3h5linjw3g1as2gxsdp0h2n7qq-libxml2-2.15.1-bin",
              "default": true
            },
            {
              "name": "dev",
              "path": "/nix/store/wq5py7lzk1b4rvz35g7dilcmylhdghwd-libxml2-2.15.1-dev"
            },
            {
              "name": "out",
              "path": "/nix/store/wavd09hv269qzms6m60lq3kyyxhzbrw9-libxml2-2.15.1"
            }
          ],
          "store_path": "/nix/store/0kpvws3h5linjw3g1as2gxsdp0h2n7qq-libxml2-2.15.1-bin"
        },
        "x86_64-linux": {
          "outputs": [
            {
              "name": "bin",
              "path": "/nix/store/4krj3d6h2xpcdc6a2hphr2i4k6rab9kc-libxml2-2.15.1-bin",
              "default": true
            },
            {
              "name": "out",
              "path": "/nix/store/l3gqwj9zk4xgqv9kxfkvx9qc51m8j8x3-libxml2-2.15.1"
            },
            {
              "name": "dev",
              "path": "/nix/store/1f6917ky6w2gghw63myngxr2zq2zh8rm-libxml2-2.15.1-dev"
            }
          ],
          "store_path": "/nix/store/4krj3d6h2xpcdc6a2hphr2i4k6rab9kc-libxml2-2.15.1-bin"
        }
      }
    },
    "libyaml.dev": {
      "resolved": "github:NixOS/nixpkgs/d1c15b7d5806069da59e819999d70e1cec0760bf?narHash=sha256-b9uG8yN50DRQ6A7JdZBfzq718ryYrlmGgqkRm9OOwCE%3D#libyaml.dev",
      "source": "nixpkg"
    },
    "libyaml@0.2.5": {
      "last_modified": "2026-03-02T11:03:52Z",
      "resolved": "github:NixOS/nixpkgs/dc7513872406b53d2ff417a003895d6daffdff2f#libyaml",
      "source": "devbox-search",
      "version": "0.2.5",
      "systems": {
        "aarch64-darwin": {
          "outputs": [
            {
              "name": "out",
              "path": "/nix/store/9rpbw860hyh557mbixp64nyjfc3kmgq3-libyaml-0.2.5",
              "default": true
            },
            {
              "name": "dev",
              "path": "/nix/store/s8hjnd8fja4mbgxqpqpfylrcwqjbl7lr-libyaml-0.2.5-dev"
            }
          ],
          "store_path": "/nix/store/9rpbw860hyh557mbixp64nyjfc3kmgq3-libyaml-0.2.5"
        },
        "aarch64-linux": {
          "outputs": [
            {
              "name": "out",
              "path": "/nix/store/aifkbwjg6mpx0mnj1mxapn27180xk9mw-libyaml-0.2.5",
              "default": true
            },
            {
              "name": "dev",
              "path": "/nix/store/avs59c0d4akhqkv0bl7kckdlq76vhbnf-libyaml-0.2.5-dev"
            }
          ],
          "store_path": "/nix/store/aifkbwjg6mpx0mnj1mxapn27180xk9mw-libyaml-0.2.5"
        },
        "x86_64-darwin": {
          "outputs": [
            {
              "name": "out",
              "path": "/nix/store/887kh7qvphlahg8a14yaxlzppah708w7-libyaml-0.2.5",
              "default": true
            },
            {
              "name": "dev",
              "path": "/nix/store/78l9yzd4rypcwkdk9i2barrbrl6fn6hv-libyaml-0.2.5-dev"
            }
          ],
          "store_path": "/nix/store/887kh7qvphlahg8a14yaxlzppah708w7-libyaml-0.2.5"
        },
        "x86_64-linux": {
          "outputs": [
            {
              "name": "out",
              "path": "/nix/store/j3m1hkyd8sdw19qzshaw6zj8y6djinyf-libyaml-0.2.5",
              "default": true
            },
            {
              "name": "dev",
              "path": "/nix/store/gh2llky7ym0031r5dzysqmrzpmdyfx1n-libyaml-0.2.5-dev"
            }
          ],
          "store_path": "/nix/store/j3m1hkyd8sdw19qzshaw6zj8y6djinyf-libyaml-0.2.5"
        }
      }
    },
    "nodejs@24": {
      "last_modified": "2025-12-27T12:56:01Z",
      "plugin_version": "0.0.2",
      "resolved": "github:NixOS/nixpkgs/3edc4a30ed3903fdf6f90c837f961fa6b49582d1#nodejs_24",
      "source": "devbox-search",
      "version": "24.12.0",
      "systems": {
        "aarch64-darwin": {
          "outputs": [
            {
              "name": "out",
              "path": "/nix/store/b1h0af3yb3z9jz048phclcqw6ihiww67-nodejs-24.12.0",
              "default": true
            },
            {
              "name": "dev",
              "path": "/nix/store/ksn4nj0nbp0ikmh4scy9x4biqqdswwhy-nodejs-24.12.0-dev"
            },
            {
              "name": "libv8",
              "path": "/nix/store/3x72bm7l30ib7l7cximrp0sklcq8jqwy-nodejs-24.12.0-libv8"
            }
          ],
          "store_path": "/nix/store/b1h0af3yb3z9jz048phclcqw6ihiww67-nodejs-24.12.0"
        },
        "aarch64-linux": {
          "outputs": [
            {
              "name": "out",
              "path": "/nix/store/9jfsyhcr9c6rpm94lrkibv75jkggvwss-nodejs-24.12.0",
              "default": true
            },
            {
              "name": "dev",
              "path": "/nix/store/7izhv9x1yvsmyrhmmyps6bxjjclajm80-nodejs-24.12.0-dev"
            },
            {
              "name": "libv8",
              "path": "/nix/store/8hl74pnc1qyz68rg10ixw7fz32hcxqkk-nodejs-24.12.0-libv8"
            }
          ],
          "store_path": "/nix/store/9jfsyhcr9c6rpm94lrkibv75jkggvwss-nodejs-24.12.0"
        },
        "x86_64-darwin": {
          "outputs": [
            {
              "name": "out",
              "path": "/nix/store/cj1243xswxvnwgifyiyg8axhn0r2vl48-nodejs-24.12.0",
              "default": true
            },
            {
              "name": "dev",
              "path": "/nix/store/kzia3rkaf9vwpn3py23q9v49jpjm6zx7-nodejs-24.12.0-dev"
            },
            {
              "name": "libv8",
              "path": "/nix/store/xszji81xj7ghjhz7jk0jkhb84nfwyd8f-nodejs-24.12.0-libv8"
            }
          ],
          "store_path": "/nix/store/cj1243xswxvnwgifyiyg8axhn0r2vl48-nodejs-24.12.0"
        },
        "x86_64-linux": {
          "outputs": [
            {
              "name": "out",
              "path": "/nix/store/9z1v3wyrxp6fpyzw21lcakd5w7aknzyc-nodejs-24.12.0",
              "default": true
            },
            {
              "name": "libv8",
              "path": "/nix/store/5yvx909wlis13qd2y1ahwl7ij21ma69a-nodejs-24.12.0-libv8"
            },
            {
              "name": "dev",
              "path": "/nix/store/7ll99p08gmpg0n048669p80zjibl5akr-nodejs-24.12.0-dev"
            }
          ],
          "store_path": "/nix/store/9z1v3wyrxp6fpyzw21lcakd5w7aknzyc-nodejs-24.12.0"
        }
      }
    },
    "pkg-config@latest": {
      "last_modified": "2025-11-23T21:50:36Z",
      "resolved": "github:NixOS/nixpkgs/ee09932cedcef15aaf476f9343d1dea2cb77e261#pkg-config",
      "source": "devbox-search",
      "version": "0.29.2",
      "systems": {
        "aarch64-darwin": {
          "outputs": [
            {
              "name": "out",
              "path": "/nix/store/hygaaqwk9ylklp0ybwppqhw75nz8ya41-pkg-config-wrapper-0.29.2",
              "default": true
            },
            {
              "name": "man",
              "path": "/nix/store/9px0sji43x3r2w4zxl3j3idwsql7lwxx-pkg-config-wrapper-0.29.2-man",
              "default": true
            },
            {
              "name": "doc",
              "path": "/nix/store/hqk44ra6qxw7iixardl6c3hdgb9kq6ns-pkg-config-wrapper-0.29.2-doc"
            }
          ],
          "store_path": "/nix/store/hygaaqwk9ylklp0ybwppqhw75nz8ya41-pkg-config-wrapper-0.29.2"
        },
        "aarch64-linux": {
          "outputs": [
            {
              "name": "out",
              "path": "/nix/store/lbiigi8qbp7mzf1lpr7p982l1kyf01ql-pkg-config-wrapper-0.29.2",
              "default": true
            },
            {
              "name": "man",
              "path": "/nix/store/10060k24qggqyzlwdsfmni9y32zxcg0j-pkg-config-wrapper-0.29.2-man",
              "default": true
            },
            {
              "name": "doc",
              "path": "/nix/store/0y4v51ndpyvkj09hwlfqkz0c3h17zfmc-pkg-config-wrapper-0.29.2-doc"
            }
          ],
          "store_path": "/nix/store/lbiigi8qbp7mzf1lpr7p982l1kyf01ql-pkg-config-wrapper-0.29.2"
        },
        "x86_64-darwin": {
          "outputs": [
            {
              "name": "out",
              "path": "/nix/store/vknadizq0q5kffvx6y4379p9gdry9zq3-pkg-config-wrapper-0.29.2",
              "default": true
            },
            {
              "name": "man",
              "path": "/nix/store/1nyspra675q22gfhf7hn2nmfpi6rgim5-pkg-config-wrapper-0.29.2-man",
              "default": true
            },
            {
              "name": "doc",
              "path": "/nix/store/7lq1axxwrafwljs06n88bzyz9w523rkc-pkg-config-wrapper-0.29.2-doc"
            }
          ],
          "store_path": "/nix/store/vknadizq0q5kffvx6y4379p9gdry9zq3-pkg-config-wrapper-0.29.2"
        },
        "x86_64-linux": {
          "outputs": [
            {
              "name": "out",
              "path": "/nix/store/8vdiwpbh0g4avsd6x5v4s0di32vcl3dp-pkg-config-wrapper-0.29.2",
              "default": true
            },
            {
              "name": "man",
              "path": "/nix/store/j9xfpnrygg3v37svc5pfin9q5bm49r94-pkg-config-wrapper-0.29.2-man",
              "default": true
            },
            {
              "name": "doc",
              "path": "/nix/store/x3bypxdxaq20kykybhkf21x4jczsiy8y-pkg-config-wrapper-0.29.2-doc"
            }
          ],
          "store_path": "/nix/store/8vdiwpbh0g4avsd6x5v4s0di32vcl3dp-pkg-config-wrapper-0.29.2"
        }
      }
    },
    "postgresql@15.7": {
      "last_modified": "2024-08-14T02:42:29Z",
      "plugin_version": "0.0.2",
      "resolved": "github:NixOS/nixpkgs/daf7bb95821b789db24fc1ac21f613db0c1bf2cb#postgresql",
      "source": "devbox-search",
      "version": "15.7",
      "systems": {
        "aarch64-darwin": {
          "outputs": [
            {
              "name": "out",
              "path": "/nix/store/j063gkab0kj312p0r5wlwh8hhs3ivmmv-postgresql-15.7",
              "default": true
            },
            {
              "name": "man",
              "path": "/nix/store/83zyb6qnvn85ilfb4g03yr8zjnc4kw5c-postgresql-15.7-man",
              "default": true
            },
            {
              "name": "doc",
              "path": "/nix/store/w98l40gkbw15cxjajs9wr9aaz1zqq8pv-postgresql-15.7-doc"
            },
            {
              "name": "lib",
              "path": "/nix/store/2lqmjj3nwingqsajwgwym4jjl1plqrxd-postgresql-15.7-lib"
            }
          ],
          "store_path": "/nix/store/j063gkab0kj312p0r5wlwh8hhs3ivmmv-postgresql-15.7"
        },
        "aarch64-linux": {
          "outputs": [
            {
              "name": "out",
              "path": "/nix/store/bm08f8k2gyndfq1mszvdm07jnmwr6nlf-postgresql-15.7",
              "default": true
            },
            {
              "name": "man",
              "path": "/nix/store/yd6qvs38zm55271230hfn4j0rd4029ca-postgresql-15.7-man",
              "default": true
            },
            {
              "name": "debug",
              "path": "/nix/store/m8kdahlx418v1x8pvbjja5zbl8ix4hff-postgresql-15.7-debug"
            },
            {
              "name": "doc",
              "path": "/nix/store/nw2ng4sh1vzih1rrfzlivd2c7ifh9zm2-postgresql-15.7-doc"
            },
            {
              "name": "lib",
              "path": "/nix/store/fvs07mhcygpwy41jhw34kq7ghlcnv4nf-postgresql-15.7-lib"
            }
          ],
          "store_path": "/nix/store/bm08f8k2gyndfq1mszvdm07jnmwr6nlf-postgresql-15.7"
        },
        "x86_64-darwin": {
          "outputs": [
            {
              "name": "out",
              "path": "/nix/store/q4h9xjc0804xkcb0l7kxmp8rbqadlpg9-postgresql-15.7",
              "default": true
            },
            {
              "name": "man",
              "path": "/nix/store/22xrk7r5c4bh12wnmh4xssd1xk06b96l-postgresql-15.7-man",
              "default": true
            },
            {
              "name": "doc",
              "path": "/nix/store/4ynkh5cclgi0jcg42868z764irl32dx3-postgresql-15.7-doc"
            },
            {
              "name": "lib",
              "path": "/nix/store/4bqzgkyvzc7c7i955raibmaqabffsi4y-postgresql-15.7-lib"
            }
          ],
          "store_path": "/nix/store/q4h9xjc0804xkcb0l7kxmp8rbqadlpg9-postgresql-15.7"
        },
        "x86_64-linux": {
          "outputs": [
            {
              "name": "out",
              "path": "/nix/store/8gr5ybhmdkafii5idcg57p66nk1qd6sf-postgresql-15.7",
              "default": true
            },
            {
              "name": "man",
              "path": "/nix/store/0j6lskwq3imd8gdwy5rz9sjmn3c41qbc-postgresql-15.7-man",
              "default": true
            },
            {
              "name": "debug",
              "path": "/nix/store/xw1fhj72fzrlkvapaf1spx19ixqm7394-postgresql-15.7-debug"
            },
            {
              "name": "doc",
              "path": "/nix/store/01snq9n6ka7zkb4dp7k639mbb5p0v5qi-postgresql-15.7-doc"
            },
            {
              "name": "lib",
              "path": "/nix/store/9xj29q1wf5wazv63hn5dxlwsp8k3h5lc-postgresql-15.7-lib"
            }
          ],
          "store_path": "/nix/store/8gr5ybhmdkafii5idcg57p66nk1qd6sf-postgresql-15.7"
        }
      }
    },
    "ruby@3.4.8": {
      "last_modified": "2026-03-21T07:29:51Z",
      "plugin_version": "0.0.2",
      "resolved": "github:NixOS/nixpkgs/09061f748ee21f68a089cd5d91ec1859cd93d0be#ruby",
      "source": "devbox-search",
      "version": "3.4.8",
      "systems": {
        "aarch64-darwin": {
          "outputs": [
            {
              "name": "out",
              "path": "/nix/store/88sazm3fj9kabg4pxmnjc53cx0syp8fk-ruby-3.4.8",
              "default": true
            },
            {
              "name": "devdoc",
              "path": "/nix/store/mk7a50jsk138apqrnlzc077cik8cr47m-ruby-3.4.8-devdoc"
            }
          ],
          "store_path": "/nix/store/88sazm3fj9kabg4pxmnjc53cx0syp8fk-ruby-3.4.8"
        },
        "aarch64-linux": {
          "outputs": [
            {
              "name": "out",
              "path": "/nix/store/rpcpk0lxd8iliza4nl9apsgrpsb2yk4d-ruby-3.4.8",
              "default": true
            },
            {
              "name": "devdoc",
              "path": "/nix/store/9wnq7dd2yw2lbjs69y19lm08ranqa930-ruby-3.4.8-devdoc"
            }
          ],
          "store_path": "/nix/store/rpcpk0lxd8iliza4nl9apsgrpsb2yk4d-ruby-3.4.8"
        },
        "x86_64-darwin": {
          "outputs": [
            {
              "name": "out",
              "path": "/nix/store/gq0vdqfz16vf64ip8p749rmygxd7n3x1-ruby-3.4.8",
              "default": true
            },
            {
              "name": "devdoc",
              "path": "/nix/store/k3yn26wvgk4mfrd5nw4a23wnijd9hz6c-ruby-3.4.8-devdoc"
            }
          ],
          "store_path": "/nix/store/gq0vdqfz16vf64ip8p749rmygxd7n3x1-ruby-3.4.8"
        },
        "x86_64-linux": {
          "outputs": [
            {
              "name": "out",
              "path": "/nix/store/s57rf37r1i38kpm3nlv4h8f8z2w2n80d-ruby-3.4.8",
              "default": true
            },
            {
              "name": "devdoc",
              "path": "/nix/store/4k6c15chplw6cicc6f3lgzmi7i4792j6-ruby-3.4.8-devdoc"
            }
          ],
          "store_path": "/nix/store/s57rf37r1i38kpm3nlv4h8f8z2w2n80d-ruby-3.4.8"
        }
      }
    },
    "selenium-manager@latest": {
      "last_modified": "2026-03-21T07:29:51Z",
      "resolved": "github:NixOS/nixpkgs/09061f748ee21f68a089cd5d91ec1859cd93d0be#selenium-manager",
      "source": "devbox-search",
      "version": "4.40.0",
      "systems": {
        "aarch64-darwin": {
          "outputs": [
            {
              "name": "out",
              "path": "/nix/store/3gxg63ql7czc7m2vnl37l4aaq2dhyx9p-selenium-manager-4.40.0",
              "default": true
            }
          ],
          "store_path": "/nix/store/3gxg63ql7czc7m2vnl37l4aaq2dhyx9p-selenium-manager-4.40.0"
        },
        "aarch64-linux": {
          "outputs": [
            {
              "name": "out",
              "path": "/nix/store/4pgxm6ay8fd4arl8czlkfswfcqn7afvl-selenium-manager-4.40.0",
              "default": true
            }
          ],
          "store_path": "/nix/store/4pgxm6ay8fd4arl8czlkfswfcqn7afvl-selenium-manager-4.40.0"
        },
        "x86_64-darwin": {
          "outputs": [
            {
              "name": "out",
              "path": "/nix/store/y570plz25bf76jqck7gqw7ya4xirwpwh-selenium-manager-4.40.0",
              "default": true
            }
          ],
          "store_path": "/nix/store/y570plz25bf76jqck7gqw7ya4xirwpwh-selenium-manager-4.40.0"
        },
        "x86_64-linux": {
          "outputs": [
            {
              "name": "out",
              "path": "/nix/store/d99jdvl632rcv5pqsrwsgil92fs30rri-selenium-manager-4.40.0",
              "default": true
            }
          ],
          "store_path": "/nix/store/d99jdvl632rcv5pqsrwsgil92fs30rri-selenium-manager-4.40.0"
        }
      }
    },
    "stdenv": {
      "resolved": "github:NixOS/nixpkgs/d1c15b7d5806069da59e819999d70e1cec0760bf?narHash=sha256-b9uG8yN50DRQ6A7JdZBfzq718ryYrlmGgqkRm9OOwCE%3D#stdenv",
      "source": "nixpkg"
    },
    "xmlsec@latest": {
      "last_modified": "2026-02-23T15:40:43Z",
      "resolved": "github:NixOS/nixpkgs/80d901ec0377e19ac3f7bb8c035201e2e098cc97#xmlsec",
      "source": "devbox-search",
      "version": "1.3.7",
      "systems": {
        "aarch64-darwin": {
          "outputs": [
            {
              "name": "out",
              "path": "/nix/store/95n9pgzmbprrd49qq568p23ca0s97mjh-xmlsec-1.3.7",
              "default": true
            },
            {
              "name": "dev",
              "path": "/nix/store/ra6js0r58l44sgn3l2ir6l65vl444h12-xmlsec-1.3.7-dev"
            }
          ],
          "store_path": "/nix/store/95n9pgzmbprrd49qq568p23ca0s97mjh-xmlsec-1.3.7"
        },
        "aarch64-linux": {
          "outputs": [
            {
              "name": "out",
              "path": "/nix/store/8nl87pa53xxw52hhcnmgzq5wjv2dw3qr-xmlsec-1.3.7",
              "default": true
            },
            {
              "name": "dev",
              "path": "/nix/store/vyzkng0aabvdx82zn6m7zmy7q1pfwx2i-xmlsec-1.3.7-dev"
            }
          ],
          "store_path": "/nix/store/8nl87pa53xxw52hhcnmgzq5wjv2dw3qr-xmlsec-1.3.7"
        },
        "x86_64-darwin": {
          "outputs": [
            {
              "name": "out",
              "path": "/nix/store/hs6x0d4ykfawpqks1j3ws0bbvxd7drvp-xmlsec-1.3.7",
              "default": true
            },
            {
              "name": "dev",
              "path": "/nix/store/q1859vgrqr9m81haffarsz1xbb0gq6m1-xmlsec-1.3.7-dev"
            }
          ],
          "store_path": "/nix/store/hs6x0d4ykfawpqks1j3ws0bbvxd7drvp-xmlsec-1.3.7"
        },
        "x86_64-linux": {
          "outputs": [
            {
              "name": "out",
              "path": "/nix/store/r6k0g9agqm2w3vjlhcr76nlrc92nlxb4-xmlsec-1.3.7",
              "default": true
            },
            {
              "name": "dev",
              "path": "/nix/store/fm61qwk5al4n2jhsgwl4jwdg1yahx3bv-xmlsec-1.3.7-dev"
            }
          ],
          "store_path": "/nix/store/r6k0g9agqm2w3vjlhcr76nlrc92nlxb4-xmlsec-1.3.7"
        }
      }
    },
    "yarn-berry_4@4.13.0": {
      "last_modified": "2026-03-21T07:29:51Z",
      "resolved": "github:NixOS/nixpkgs/09061f748ee21f68a089cd5d91ec1859cd93d0be#yarn-berry_4",
      "source": "devbox-search",
      "version": "4.13.0",
      "systems": {
        "aarch64-darwin": {
          "outputs": [
            {
              "name": "out",
              "path": "/nix/store/b1md6hp71c5lcgj7nn2iqm69qryry1nn-yarn-berry-4.13.0",
              "default": true
            }
          ],
          "store_path": "/nix/store/b1md6hp71c5lcgj7nn2iqm69qryry1nn-yarn-berry-4.13.0"
        },
        "aarch64-linux": {
          "outputs": [
            {
              "name": "out",
              "path": "/nix/store/p64sf0mkrr5zp6ikaa5lq05554n4960s-yarn-berry-4.13.0",
              "default": true
            }
          ],
          "store_path": "/nix/store/p64sf0mkrr5zp6ikaa5lq05554n4960s-yarn-berry-4.13.0"
        },
        "x86_64-darwin": {
          "outputs": [
            {
              "name": "out",
              "path": "/nix/store/gd4bawwhkrvwxms96vq1z0vpy8j51fra-yarn-berry-4.13.0",
              "default": true
            }
          ],
          "store_path": "/nix/store/gd4bawwhkrvwxms96vq1z0vpy8j51fra-yarn-berry-4.13.0"
        },
        "x86_64-linux": {
          "outputs": [
            {
              "name": "out",
              "path": "/nix/store/gr19h6hyx64amxbh334csgsqgjhljwyx-yarn-berry-4.13.0",
              "default": true
            }
          ],
          "store_path": "/nix/store/gr19h6hyx64amxbh334csgsqgjhljwyx-yarn-berry-4.13.0"
        }
      }
    }
  }
}
