{
  "lockfile_version": "1",
  "packages": {
    "autoconf@latest": {
      "last_modified": "2026-03-21T07:29:51Z",
      "resolved": "github:NixOS/nixpkgs/09061f748ee21f68a089cd5d91ec1859cd93d0be#autoconf",
      "source": "devbox-search",
      "version": "2.72",
      "systems": {
        "aarch64-darwin": {
          "outputs": [
            {
              "name": "out",
              "path": "/nix/store/i5y6kj4z3lc66dx4cdmnf6iaz5gr1ak7-autoconf-2.72",
              "default": true
            },
            {
              "name": "doc",
              "path": "/nix/store/7aqva22ffqviy9kqwc0918bbgpx6vzj6-autoconf-2.72-doc"
            }
          ],
          "store_path": "/nix/store/i5y6kj4z3lc66dx4cdmnf6iaz5gr1ak7-autoconf-2.72"
        },
        "aarch64-linux": {
          "outputs": [
            {
              "name": "out",
              "path": "/nix/store/j05qd1mwyn4yx4vlnmbplq19j090nd0x-autoconf-2.72",
              "default": true
            },
            {
              "name": "doc",
              "path": "/nix/store/38awhnrd96c52nhsgfizisp9jmgmz6sl-autoconf-2.72-doc"
            }
          ],
          "store_path": "/nix/store/j05qd1mwyn4yx4vlnmbplq19j090nd0x-autoconf-2.72"
        },
        "x86_64-darwin": {
          "outputs": [
            {
              "name": "out",
              "path": "/nix/store/vwjngkpdddmsyrp4sr7ayr2njikdq9f9-autoconf-2.72",
              "default": true
            },
            {
              "name": "doc",
              "path": "/nix/store/k1hz18clkrjx8qb1n08n4aqafydg6v1p-autoconf-2.72-doc"
            }
          ],
          "store_path": "/nix/store/vwjngkpdddmsyrp4sr7ayr2njikdq9f9-autoconf-2.72"
        },
        "x86_64-linux": {
          "outputs": [
            {
              "name": "out",
              "path": "/nix/store/pr78hqjm9fk9pw7wiyyjcwzf8ggs1ip7-autoconf-2.72",
              "default": true
            },
            {
              "name": "doc",
              "path": "/nix/store/zzmv8wm99zrl5s55c1aiaj4722bfqcf2-autoconf-2.72-doc"
            }
          ],
          "store_path": "/nix/store/pr78hqjm9fk9pw7wiyyjcwzf8ggs1ip7-autoconf-2.72"
        }
      }
    },
    "chromedriver@latest": {
      "last_modified": "2026-04-01T01:09:41Z",
      "resolved": "github:NixOS/nixpkgs/62e3050a29278c985725a86704faa1e99236b51a#chromedriver",
      "source": "devbox-search",
      "version": "146.0.7680.178",
      "systems": {
        "aarch64-darwin": {
          "outputs": [
            {
              "name": "out",
              "path": "/nix/store/r0j2vl9qfc4jsvd4qhzcyyg5q2xrkn1q-chromedriver-146.0.7680.178",
              "default": true
            }
          ],
          "store_path": "/nix/store/r0j2vl9qfc4jsvd4qhzcyyg5q2xrkn1q-chromedriver-146.0.7680.178"
        },
        "x86_64-darwin": {
          "outputs": [
            {
              "name": "out",
              "path": "/nix/store/i2ldgyh07nxr7kv92bhkrfdhqzzab7la-chromedriver-146.0.7680.178",
              "default": true
            }
          ],
          "store_path": "/nix/store/i2ldgyh07nxr7kv92bhkrfdhqzzab7la-chromedriver-146.0.7680.178"
        }
      }
    },
    "gcc@latest": {
      "last_modified": "2026-03-21T07:29:51Z",
      "resolved": "github:NixOS/nixpkgs/09061f748ee21f68a089cd5d91ec1859cd93d0be#gcc",
      "source": "devbox-search",
      "version": "15.2.0",
      "systems": {
        "aarch64-darwin": {
          "outputs": [
            {
              "name": "out",
              "path": "/nix/store/jskl8vz7wnwlsjmh88ia3wyw4yyfjgb5-gcc-wrapper-15.2.0",
              "default": true
            },
            {
              "name": "man",
              "path": "/nix/store/65ygwdw9pjlrycn1aki9wfj97fb04wir-gcc-wrapper-15.2.0-man",
              "default": true
            },
            {
              "name": "info",
              "path": "/nix/store/gblx2c361wmf7fn839ppi2z2bw2wzvhz-gcc-wrapper-15.2.0-info"
            }
          ],
          "store_path": "/nix/store/jskl8vz7wnwlsjmh88ia3wyw4yyfjgb5-gcc-wrapper-15.2.0"
        },
        "aarch64-linux": {
          "outputs": [
            {
              "name": "out",
              "path": "/nix/store/waack2w5n0208w1qy7pxnwxbsq2n26vm-gcc-wrapper-15.2.0",
              "default": true
            },
            {
              "name": "man",
              "path": "/nix/store/3sbhv99id58xjminaqr8m6dq1h6zvfcp-gcc-wrapper-15.2.0-man",
              "default": true
            },
            {
              "name": "info",
              "path": "/nix/store/zq0lwn9ai4q1jcfkrrc98cia15yp9zv2-gcc-wrapper-15.2.0-info"
            }
          ],
          "store_path": "/nix/store/waack2w5n0208w1qy7pxnwxbsq2n26vm-gcc-wrapper-15.2.0"
        },
        "x86_64-darwin": {
          "outputs": [
            {
              "name": "out",
              "path": "/nix/store/k1mhp0ywg1xp6mzixk1r3ccjzwixmbw0-gcc-wrapper-15.2.0",
              "default": true
            },
            {
              "name": "man",
              "path": "/nix/store/f9n421lz4dbxdq8pvv5szk8dp4lvyqpl-gcc-wrapper-15.2.0-man",
              "default": true
            },
            {
              "name": "info",
              "path": "/nix/store/36gfwxk8n31cijjswpxbji3y2lbigcbp-gcc-wrapper-15.2.0-info"
            }
          ],
          "store_path": "/nix/store/k1mhp0ywg1xp6mzixk1r3ccjzwixmbw0-gcc-wrapper-15.2.0"
        },
        "x86_64-linux": {
          "outputs": [
            {
              "name": "out",
              "path": "/nix/store/hb2bs5fg5wkm04x565737qd5nh2hy5nk-gcc-wrapper-15.2.0",
              "default": true
            },
            {
              "name": "man",
              "path": "/nix/store/n58glhbv7fnb3bqvbdh6ib7pv456cm4n-gcc-wrapper-15.2.0-man",
              "default": true
            },
            {
              "name": "info",
              "path": "/nix/store/gzq6x9nsc2g1b4z0xlxnl3n8ahzcrgql-gcc-wrapper-15.2.0-info"
            }
          ],
          "store_path": "/nix/store/hb2bs5fg5wkm04x565737qd5nh2hy5nk-gcc-wrapper-15.2.0"
        }
      }
    },
    "git@latest": {
      "last_modified": "2026-03-21T07:29:51Z",
      "resolved": "github:NixOS/nixpkgs/09061f748ee21f68a089cd5d91ec1859cd93d0be#git",
      "source": "devbox-search",
      "version": "2.53.0",
      "systems": {
        "aarch64-darwin": {
          "outputs": [
            {
              "name": "out",
              "path": "/nix/store/6qbj40r0s289k5slmy8yna5x2hfz01wg-git-2.53.0",
              "default": true
            },
            {
              "name": "doc",
              "path": "/nix/store/xp9w7bcl4c78268kn82qdayqglj0zdxa-git-2.53.0-doc"
            }
          ],
          "store_path": "/nix/store/6qbj40r0s289k5slmy8yna5x2hfz01wg-git-2.53.0"
        },
        "aarch64-linux": {
          "outputs": [
            {
              "name": "out",
              "path": "/nix/store/0vbb6j0ppx1w8cw28h7w8s2dzla9j3m6-git-2.53.0",
              "default": true
            },
            {
              "name": "debug",
              "path": "/nix/store/gaj4q67pid2pcy9nvh2ysv4728wxj5m4-git-2.53.0-debug"
            },
            {
              "name": "doc",
              "path": "/nix/store/9mrg9g0w2b4cfdppq3n4zvhkvyixvqpx-git-2.53.0-doc"
            }
          ],
          "store_path": "/nix/store/0vbb6j0ppx1w8cw28h7w8s2dzla9j3m6-git-2.53.0"
        },
        "x86_64-darwin": {
          "outputs": [
            {
              "name": "out",
              "path": "/nix/store/2q2hzaclp1rsj65h21lng7wa26vawhnq-git-2.53.0",
              "default": true
            },
            {
              "name": "doc",
              "path": "/nix/store/yi2mi426la2x7rggv0a0ah11s2dangz4-git-2.53.0-doc"
            }
          ],
          "store_path": "/nix/store/2q2hzaclp1rsj65h21lng7wa26vawhnq-git-2.53.0"
        },
        "x86_64-linux": {
          "outputs": [
            {
              "name": "out",
              "path": "/nix/store/7yvcckar1lzhqnr0xx2n19nsdjd4qa4d-git-2.53.0",
              "default": true
            },
            {
              "name": "debug",
              "path": "/nix/store/9xs1n97fsdbgnk8cxbdx3hqlz6fdaynb-git-2.53.0-debug"
            },
            {
              "name": "doc",
              "path": "/nix/store/rv7cz5lz1qmbdnh3zrpv0j0wa5ivaacq-git-2.53.0-doc"
            }
          ],
          "store_path": "/nix/store/7yvcckar1lzhqnr0xx2n19nsdjd4qa4d-git-2.53.0"
        }
      }
    },
    "github:NixOS/nixpkgs/nixpkgs-unstable": {
      "last_modified": "2026-04-11T06:17:25Z",
      "resolved": "github:NixOS/nixpkgs/13043924aaa7375ce482ebe2494338e058282925?lastModified=1775888245&narHash=sha256-nwASzrRDD1JBEu%2Fo8ekKYEXm%2FoJW6EMCzCRdrwcLe90%3D"
    },
    "glibcLocales@latest": {
      "last_modified": "2026-03-21T07:29:51Z",
      "resolved": "github:NixOS/nixpkgs/09061f748ee21f68a089cd5d91ec1859cd93d0be#glibcLocales",
      "source": "devbox-search",
      "version": "2.42-51",
      "systems": {
        "aarch64-linux": {
          "outputs": [
            {
              "name": "out",
              "path": "/nix/store/d4vnp0fbrsvijnx5ac86bbxg3bnblz7k-glibc-locales-2.42-51",
              "default": true
            }
          ],
          "store_path": "/nix/store/d4vnp0fbrsvijnx5ac86bbxg3bnblz7k-glibc-locales-2.42-51"
        },
        "x86_64-linux": {
          "outputs": [
            {
              "name": "out",
              "path": "/nix/store/ld2j2mq254m77hwy22pyvrs861ap1374-glibc-locales-2.42-51",
              "default": true
            }
          ],
          "store_path": "/nix/store/ld2j2mq254m77hwy22pyvrs861ap1374-glibc-locales-2.42-51"
        }
      }
    },
    "gnumake@latest": {
      "last_modified": "2026-04-07T01:34:01Z",
      "resolved": "github:NixOS/nixpkgs/dc72a9d2282085d97d5a2cc8e7103a68ed4de188#gnumake",
      "source": "devbox-search",
      "version": "4.4.1",
      "systems": {
        "aarch64-darwin": {
          "outputs": [
            {
              "name": "out",
              "path": "/nix/store/y40n7jzzy9qydb120kxgbzi55mprbkfm-gnumake-4.4.1",
              "default": true
            },
            {
              "name": "man",
              "path": "/nix/store/b2y9y7i57sml44mk7wl4ba8wr8adgavs-gnumake-4.4.1-man",
              "default": true
            },
            {
              "name": "doc",
              "path": "/nix/store/hb81l6za1swj09szhxj902bjf9b9cwzc-gnumake-4.4.1-doc"
            },
            {
              "name": "info",
              "path": "/nix/store/xynyfhcn9r7jd4iakdr71yb6grabjgf7-gnumake-4.4.1-info"
            }
          ],
          "store_path": "/nix/store/y40n7jzzy9qydb120kxgbzi55mprbkfm-gnumake-4.4.1"
        },
        "aarch64-linux": {
          "outputs": [
            {
              "name": "out",
              "path": "/nix/store/j8hf0sbds6y5il4vb2bz3rx0xivmnsl1-gnumake-4.4.1",
              "default": true
            },
            {
              "name": "man",
              "path": "/nix/store/j4psv3ifmnw0wa8p38rxv5k6vskz4wcs-gnumake-4.4.1-man",
              "default": true
            },
            {
              "name": "debug",
              "path": "/nix/store/px43zlq4bz3zjmc91b6wb6949c8dfxvi-gnumake-4.4.1-debug"
            },
            {
              "name": "doc",
              "path": "/nix/store/jhss2k9jczl72jk284kvaj9303yvylwy-gnumake-4.4.1-doc"
            },
            {
              "name": "info",
              "path": "/nix/store/1qf6j3yza10lw1iy9w0qm9gliqzfw6xk-gnumake-4.4.1-info"
            }
          ],
          "store_path": "/nix/store/j8hf0sbds6y5il4vb2bz3rx0xivmnsl1-gnumake-4.4.1"
        },
        "x86_64-darwin": {
          "outputs": [
            {
              "name": "out",
              "path": "/nix/store/bijx0sq7avqq7apvqsfb3lmza97lpcxz-gnumake-4.4.1",
              "default": true
            },
            {
              "name": "man",
              "path": "/nix/store/r2qnj53aynk05zan3z2j960klx7085dq-gnumake-4.4.1-man",
              "default": true
            },
            {
              "name": "doc",
              "path": "/nix/store/2fz6r9nchhyn4i7f9gg5assx9ld2j3mm-gnumake-4.4.1-doc"
            },
            {
              "name": "info",
              "path": "/nix/store/h0jgx7zbyyvhcj0lq0la6siv4d3bl9xa-gnumake-4.4.1-info"
            }
          ],
          "store_path": "/nix/store/bijx0sq7avqq7apvqsfb3lmza97lpcxz-gnumake-4.4.1"
        },
        "x86_64-linux": {
          "outputs": [
            {
              "name": "out",
              "path": "/nix/store/45npani18v2m7sbkrzrv2xyilyghrny9-gnumake-4.4.1",
              "default": true
            },
            {
              "name": "man",
              "path": "/nix/store/p75qwzzsxdhpnhdjx4fbjy20p9qxp326-gnumake-4.4.1-man",
              "default": true
            },
            {
              "name": "debug",
              "path": "/nix/store/bzap48lhfqcjczhj2ry3gwqjh9klkgxf-gnumake-4.4.1-debug"
            },
            {
              "name": "doc",
              "path": "/nix/store/0jx03f9vis4zp8b7s2ybp9anlgk68ihy-gnumake-4.4.1-doc"
            },
            {
              "name": "info",
              "path": "/nix/store/pbs6fhcn3gjr6x9fzdlk0kwqg1m5gk5g-gnumake-4.4.1-info"
            }
          ],
          "store_path": "/nix/store/45npani18v2m7sbkrzrv2xyilyghrny9-gnumake-4.4.1"
        }
      }
    },
    "jdk11@latest": {
      "last_modified": "2025-10-22T20:59:19Z",
      "resolved": "github:NixOS/nixpkgs/01b6809f7f9d1183a2b3e081f0a1e6f8f415cb09#jdk11",
      "source": "devbox-search",
      "version": "11.0.24",
      "systems": {
        "aarch64-darwin": {
          "outputs": [
            {
              "name": "out",
              "path": "/nix/store/37hfzzxsxbvkb35y1v9hfkw802l6j3xq-zulu-ca-jdk-11.0.24",
              "default": true
            }
          ],
          "store_path": "/nix/store/37hfzzxsxbvkb35y1v9hfkw802l6j3xq-zulu-ca-jdk-11.0.24"
        },
        "x86_64-darwin": {
          "outputs": [
            {
              "name": "out",
              "path": "/nix/store/kl9yv2dppl8cbj2zy23lm7n8gppv4sp5-zulu-ca-jdk-11.0.24",
              "default": true
            }
          ],
          "store_path": "/nix/store/kl9yv2dppl8cbj2zy23lm7n8gppv4sp5-zulu-ca-jdk-11.0.24"
        }
      }
    },
    "jq@latest": {
      "last_modified": "2026-04-07T08:05:10Z",
      "resolved": "github:NixOS/nixpkgs/a3db02183b5da6fbf728203492a5d1b9d109b7f9#jq",
      "source": "devbox-search",
      "version": "1.8.1",
      "systems": {
        "aarch64-darwin": {
          "outputs": [
            {
              "name": "bin",
              "path": "/nix/store/bb450vb2gl547zwba8sihcyilsg2rqfa-jq-1.8.1-bin",
              "default": true
            },
            {
              "name": "man",
              "path": "/nix/store/vs96fwfhd5gjycxs5yc58wkrizscww92-jq-1.8.1-man",
              "default": true
            },
            {
              "name": "dev",
              "path": "/nix/store/irxgyhi0rq34f2y721a26ii09nynq2ha-jq-1.8.1-dev"
            },
            {
              "name": "doc",
              "path": "/nix/store/rnkk37licxmcicz44sm368bk2fsrk52j-jq-1.8.1-doc"
            },
            {
              "name": "out",
              "path": "/nix/store/y4gq3lbz2nq75cl3v28ixrqrr90pk4lf-jq-1.8.1"
            }
          ],
          "store_path": "/nix/store/bb450vb2gl547zwba8sihcyilsg2rqfa-jq-1.8.1-bin"
        },
        "aarch64-linux": {
          "outputs": [
            {
              "name": "bin",
              "path": "/nix/store/h68aklwk28xbrg7pqaw078w1hvvvf419-jq-1.8.1-bin",
              "default": true
            },
            {
              "name": "man",
              "path": "/nix/store/l4npc0sgk51lz2d6jqnl4r18hmn6qckr-jq-1.8.1-man",
              "default": true
            },
            {
              "name": "doc",
              "path": "/nix/store/rr0a4brsd47393640zn9zgw844rbkrsl-jq-1.8.1-doc"
            },
            {
              "name": "out",
              "path": "/nix/store/5jf55qkwrnd769ri9wxiy7z9kp5zb4ca-jq-1.8.1"
            },
            {
              "name": "dev",
              "path": "/nix/store/kzsszlf69lndqilpgysw1j9b4hrfwjfx-jq-1.8.1-dev"
            }
          ],
          "store_path": "/nix/store/h68aklwk28xbrg7pqaw078w1hvvvf419-jq-1.8.1-bin"
        },
        "x86_64-darwin": {
          "outputs": [
            {
              "name": "bin",
              "path": "/nix/store/y699jyfkqhj7lm51zdxm1df28izg6zgj-jq-1.8.1-bin",
              "default": true
            },
            {
              "name": "man",
              "path": "/nix/store/0h261wdn6mlrn564adwhyw52a2dfnbg5-jq-1.8.1-man",
              "default": true
            },
            {
              "name": "dev",
              "path": "/nix/store/681w0vijzacwyhcwylkvbppd4kps33fw-jq-1.8.1-dev"
            },
            {
              "name": "doc",
              "path": "/nix/store/2bvvha8apma6crzhsnpjrghnjbjj6hpm-jq-1.8.1-doc"
            },
            {
              "name": "out",
              "path": "/nix/store/44i56yshwqwgw912idz0m9zx30d1xg8z-jq-1.8.1"
            }
          ],
          "store_path": "/nix/store/y699jyfkqhj7lm51zdxm1df28izg6zgj-jq-1.8.1-bin"
        },
        "x86_64-linux": {
          "outputs": [
            {
              "name": "bin",
              "path": "/nix/store/fc13hvlj7541i1xmwdka7f61qicdzr5a-jq-1.8.1-bin",
              "default": true
            },
            {
              "name": "man",
              "path": "/nix/store/crwv17pim6csnfr4jmsd7kf60sp3c5dh-jq-1.8.1-man",
              "default": true
            },
            {
              "name": "out",
              "path": "/nix/store/s4w1j16dj8wyriv1ljfypr9s1r39yjwp-jq-1.8.1"
            },
            {
              "name": "dev",
              "path": "/nix/store/plinh1rzkh83n4gfpkxl748zgaydpxll-jq-1.8.1-dev"
            },
            {
              "name": "doc",
              "path": "/nix/store/ihgrvb9w91mwbhxx3fi3gcwwx3qlsdfv-jq-1.8.1-doc"
            }
          ],
          "store_path": "/nix/store/fc13hvlj7541i1xmwdka7f61qicdzr5a-jq-1.8.1-bin"
        }
      }
    },
    "libxml2@latest": {
      "last_modified": "2026-04-05T07:14:34Z",
      "resolved": "github:NixOS/nixpkgs/bd48fcede9287ff448ecc84c4e94a4fca4bd0d72#libxml2",
      "source": "devbox-search",
      "version": "2.15.1",
      "systems": {
        "aarch64-darwin": {
          "outputs": [
            {
              "name": "bin",
              "path": "/nix/store/q4kpqqc15s0nddjpq7lckwxi7j4lfbzg-libxml2-2.15.1-bin",
              "default": true
            },
            {
              "name": "dev",
              "path": "/nix/store/z67l0lim5plirgxwicfinhfaq9jsmzja-libxml2-2.15.1-dev"
            },
            {
              "name": "out",
              "path": "/nix/store/2hrh2ci6j0kahh4m58ldy275k3rfkm2n-libxml2-2.15.1"
            }
          ],
          "store_path": "/nix/store/q4kpqqc15s0nddjpq7lckwxi7j4lfbzg-libxml2-2.15.1-bin"
        },
        "aarch64-linux": {
          "outputs": [
            {
              "name": "bin",
              "path": "/nix/store/h1arrinwz27h6x1yyp6rrxz50mbrjcjd-libxml2-2.15.1-bin",
              "default": true
            },
            {
              "name": "dev",
              "path": "/nix/store/qik1kz8ca2zdas9rlad4i6zmp33jdd6l-libxml2-2.15.1-dev"
            },
            {
              "name": "out",
              "path": "/nix/store/6ws6pdhk27xj24is3jcd0p13yciv048n-libxml2-2.15.1"
            }
          ],
          "store_path": "/nix/store/h1arrinwz27h6x1yyp6rrxz50mbrjcjd-libxml2-2.15.1-bin"
        },
        "x86_64-darwin": {
          "outputs": [
            {
              "name": "bin",
              "path": "/nix/store/k3q5b1zw6izqhk1g6yc8a71x5hy0xd27-libxml2-2.15.1-bin",
              "default": true
            },
            {
              "name": "out",
              "path": "/nix/store/j6fclnyqs1ghk6g0drlj8mlx42r8d5h9-libxml2-2.15.1"
            },
            {
              "name": "dev",
              "path": "/nix/store/3gqd8hj7nw3msjarlbdzbi5spp67gh1i-libxml2-2.15.1-dev"
            }
          ],
          "store_path": "/nix/store/k3q5b1zw6izqhk1g6yc8a71x5hy0xd27-libxml2-2.15.1-bin"
        },
        "x86_64-linux": {
          "outputs": [
            {
              "name": "bin",
              "path": "/nix/store/ch9b3d4a9qph5ddc5p0dy97a1xas2m7j-libxml2-2.15.1-bin",
              "default": true
            },
            {
              "name": "dev",
              "path": "/nix/store/qksl9njlazdmr8600sz9mqh7pvxcad52-libxml2-2.15.1-dev"
            },
            {
              "name": "out",
              "path": "/nix/store/v5k7aj5qfr8spbak4xnjhb9g5g3dzsar-libxml2-2.15.1"
            }
          ],
          "store_path": "/nix/store/ch9b3d4a9qph5ddc5p0dy97a1xas2m7j-libxml2-2.15.1-bin"
        }
      }
    },
    "libyaml.dev": {
      "resolved": "github:NixOS/nixpkgs/d1c15b7d5806069da59e819999d70e1cec0760bf?narHash=sha256-b9uG8yN50DRQ6A7JdZBfzq718ryYrlmGgqkRm9OOwCE%3D#libyaml.dev",
      "source": "nixpkg",
      "systems": {
        "aarch64-darwin": {
          "outputs": [
            {
              "name": "dev",
              "path": "/nix/store/amiqglvn5097pai4c5sl137kqprxhn5r-libyaml-0.2.5-dev",
              "default": true
            }
          ]
        }
      }
    },
    "libyaml@0.2.5": {
      "last_modified": "2026-03-21T07:29:51Z",
      "resolved": "github:NixOS/nixpkgs/09061f748ee21f68a089cd5d91ec1859cd93d0be#libyaml",
      "source": "devbox-search",
      "version": "0.2.5",
      "systems": {
        "aarch64-darwin": {
          "outputs": [
            {
              "name": "out",
              "path": "/nix/store/qqa8q98n3hvb2kqz3xvd0m0j22033wy0-libyaml-0.2.5",
              "default": true
            },
            {
              "name": "dev",
              "path": "/nix/store/00yv9nvsx0vswzzihkkl4qk39lb2p1pc-libyaml-0.2.5-dev"
            }
          ],
          "store_path": "/nix/store/qqa8q98n3hvb2kqz3xvd0m0j22033wy0-libyaml-0.2.5"
        },
        "aarch64-linux": {
          "outputs": [
            {
              "name": "out",
              "path": "/nix/store/m4j56in3n01xw1jk5h1qxj5r8i4x2mfb-libyaml-0.2.5",
              "default": true
            },
            {
              "name": "dev",
              "path": "/nix/store/jyvgsbxnppxyvvgga304iw6xlhi39r17-libyaml-0.2.5-dev"
            }
          ],
          "store_path": "/nix/store/m4j56in3n01xw1jk5h1qxj5r8i4x2mfb-libyaml-0.2.5"
        },
        "x86_64-darwin": {
          "outputs": [
            {
              "name": "out",
              "path": "/nix/store/4djwsl28pfclczbkcrdqxlqrcxyvihik-libyaml-0.2.5",
              "default": true
            },
            {
              "name": "dev",
              "path": "/nix/store/6i8a2m6yj122s9r1nyl8grxizq3av6z6-libyaml-0.2.5-dev"
            }
          ],
          "store_path": "/nix/store/4djwsl28pfclczbkcrdqxlqrcxyvihik-libyaml-0.2.5"
        },
        "x86_64-linux": {
          "outputs": [
            {
              "name": "out",
              "path": "/nix/store/fnhs945sa02bg7gki8a3l8r9r44ylx10-libyaml-0.2.5",
              "default": true
            },
            {
              "name": "dev",
              "path": "/nix/store/v9qn9g4fm4818vx30kl7z423vj1mswml-libyaml-0.2.5-dev"
            }
          ],
          "store_path": "/nix/store/fnhs945sa02bg7gki8a3l8r9r44ylx10-libyaml-0.2.5"
        }
      }
    },
    "nodejs@24": {
      "last_modified": "2025-12-27T12:56:01Z",
      "plugin_version": "0.0.2",
      "resolved": "github:NixOS/nixpkgs/3edc4a30ed3903fdf6f90c837f961fa6b49582d1#nodejs_24",
      "source": "devbox-search",
      "version": "24.12.0",
      "systems": {
        "aarch64-darwin": {
          "outputs": [
            {
              "name": "out",
              "path": "/nix/store/b1h0af3yb3z9jz048phclcqw6ihiww67-nodejs-24.12.0",
              "default": true
            },
            {
              "name": "dev",
              "path": "/nix/store/ksn4nj0nbp0ikmh4scy9x4biqqdswwhy-nodejs-24.12.0-dev"
            },
            {
              "name": "libv8",
              "path": "/nix/store/3x72bm7l30ib7l7cximrp0sklcq8jqwy-nodejs-24.12.0-libv8"
            }
          ],
          "store_path": "/nix/store/b1h0af3yb3z9jz048phclcqw6ihiww67-nodejs-24.12.0"
        },
        "aarch64-linux": {
          "outputs": [
            {
              "name": "out",
              "path": "/nix/store/9jfsyhcr9c6rpm94lrkibv75jkggvwss-nodejs-24.12.0",
              "default": true
            },
            {
              "name": "dev",
              "path": "/nix/store/7izhv9x1yvsmyrhmmyps6bxjjclajm80-nodejs-24.12.0-dev"
            },
            {
              "name": "libv8",
              "path": "/nix/store/8hl74pnc1qyz68rg10ixw7fz32hcxqkk-nodejs-24.12.0-libv8"
            }
          ],
          "store_path": "/nix/store/9jfsyhcr9c6rpm94lrkibv75jkggvwss-nodejs-24.12.0"
        },
        "x86_64-darwin": {
          "outputs": [
            {
              "name": "out",
              "path": "/nix/store/cj1243xswxvnwgifyiyg8axhn0r2vl48-nodejs-24.12.0",
              "default": true
            },
            {
              "name": "dev",
              "path": "/nix/store/kzia3rkaf9vwpn3py23q9v49jpjm6zx7-nodejs-24.12.0-dev"
            },
            {
              "name": "libv8",
              "path": "/nix/store/xszji81xj7ghjhz7jk0jkhb84nfwyd8f-nodejs-24.12.0-libv8"
            }
          ],
          "store_path": "/nix/store/cj1243xswxvnwgifyiyg8axhn0r2vl48-nodejs-24.12.0"
        },
        "x86_64-linux": {
          "outputs": [
            {
              "name": "out",
              "path": "/nix/store/9z1v3wyrxp6fpyzw21lcakd5w7aknzyc-nodejs-24.12.0",
              "default": true
            },
            {
              "name": "libv8",
              "path": "/nix/store/5yvx909wlis13qd2y1ahwl7ij21ma69a-nodejs-24.12.0-libv8"
            },
            {
              "name": "dev",
              "path": "/nix/store/7ll99p08gmpg0n048669p80zjibl5akr-nodejs-24.12.0-dev"
            }
          ],
          "store_path": "/nix/store/9z1v3wyrxp6fpyzw21lcakd5w7aknzyc-nodejs-24.12.0"
        }
      }
    },
    "pkg-config@latest": {
      "last_modified": "2025-11-23T21:50:36Z",
      "resolved": "github:NixOS/nixpkgs/ee09932cedcef15aaf476f9343d1dea2cb77e261#pkg-config",
      "source": "devbox-search",
      "version": "0.29.2",
      "systems": {
        "aarch64-darwin": {
          "outputs": [
            {
              "name": "out",
              "path": "/nix/store/hygaaqwk9ylklp0ybwppqhw75nz8ya41-pkg-config-wrapper-0.29.2",
              "default": true
            },
            {
              "name": "man",
              "path": "/nix/store/9px0sji43x3r2w4zxl3j3idwsql7lwxx-pkg-config-wrapper-0.29.2-man",
              "default": true
            },
            {
              "name": "doc",
              "path": "/nix/store/hqk44ra6qxw7iixardl6c3hdgb9kq6ns-pkg-config-wrapper-0.29.2-doc"
            }
          ],
          "store_path": "/nix/store/hygaaqwk9ylklp0ybwppqhw75nz8ya41-pkg-config-wrapper-0.29.2"
        },
        "aarch64-linux": {
          "outputs": [
            {
              "name": "out",
              "path": "/nix/store/lbiigi8qbp7mzf1lpr7p982l1kyf01ql-pkg-config-wrapper-0.29.2",
              "default": true
            },
            {
              "name": "man",
              "path": "/nix/store/10060k24qggqyzlwdsfmni9y32zxcg0j-pkg-config-wrapper-0.29.2-man",
              "default": true
            },
            {
              "name": "doc",
              "path": "/nix/store/0y4v51ndpyvkj09hwlfqkz0c3h17zfmc-pkg-config-wrapper-0.29.2-doc"
            }
          ],
          "store_path": "/nix/store/lbiigi8qbp7mzf1lpr7p982l1kyf01ql-pkg-config-wrapper-0.29.2"
        },
        "x86_64-darwin": {
          "outputs": [
            {
              "name": "out",
              "path": "/nix/store/vknadizq0q5kffvx6y4379p9gdry9zq3-pkg-config-wrapper-0.29.2",
              "default": true
            },
            {
              "name": "man",
              "path": "/nix/store/1nyspra675q22gfhf7hn2nmfpi6rgim5-pkg-config-wrapper-0.29.2-man",
              "default": true
            },
            {
              "name": "doc",
              "path": "/nix/store/7lq1axxwrafwljs06n88bzyz9w523rkc-pkg-config-wrapper-0.29.2-doc"
            }
          ],
          "store_path": "/nix/store/vknadizq0q5kffvx6y4379p9gdry9zq3-pkg-config-wrapper-0.29.2"
        },
        "x86_64-linux": {
          "outputs": [
            {
              "name": "out",
              "path": "/nix/store/8vdiwpbh0g4avsd6x5v4s0di32vcl3dp-pkg-config-wrapper-0.29.2",
              "default": true
            },
            {
              "name": "man",
              "path": "/nix/store/j9xfpnrygg3v37svc5pfin9q5bm49r94-pkg-config-wrapper-0.29.2-man",
              "default": true
            },
            {
              "name": "doc",
              "path": "/nix/store/x3bypxdxaq20kykybhkf21x4jczsiy8y-pkg-config-wrapper-0.29.2-doc"
            }
          ],
          "store_path": "/nix/store/8vdiwpbh0g4avsd6x5v4s0di32vcl3dp-pkg-config-wrapper-0.29.2"
        }
      }
    },
    "postgresql@15.7": {
      "last_modified": "2024-08-14T02:42:29Z",
      "plugin_version": "0.0.2",
      "resolved": "github:NixOS/nixpkgs/daf7bb95821b789db24fc1ac21f613db0c1bf2cb#postgresql",
      "source": "devbox-search",
      "version": "15.7",
      "systems": {
        "aarch64-darwin": {
          "outputs": [
            {
              "name": "out",
              "path": "/nix/store/j063gkab0kj312p0r5wlwh8hhs3ivmmv-postgresql-15.7",
              "default": true
            },
            {
              "name": "man",
              "path": "/nix/store/83zyb6qnvn85ilfb4g03yr8zjnc4kw5c-postgresql-15.7-man",
              "default": true
            },
            {
              "name": "doc",
              "path": "/nix/store/w98l40gkbw15cxjajs9wr9aaz1zqq8pv-postgresql-15.7-doc"
            },
            {
              "name": "lib",
              "path": "/nix/store/2lqmjj3nwingqsajwgwym4jjl1plqrxd-postgresql-15.7-lib"
            }
          ],
          "store_path": "/nix/store/j063gkab0kj312p0r5wlwh8hhs3ivmmv-postgresql-15.7"
        },
        "aarch64-linux": {
          "outputs": [
            {
              "name": "out",
              "path": "/nix/store/bm08f8k2gyndfq1mszvdm07jnmwr6nlf-postgresql-15.7",
              "default": true
            },
            {
              "name": "man",
              "path": "/nix/store/yd6qvs38zm55271230hfn4j0rd4029ca-postgresql-15.7-man",
              "default": true
            },
            {
              "name": "debug",
              "path": "/nix/store/m8kdahlx418v1x8pvbjja5zbl8ix4hff-postgresql-15.7-debug"
            },
            {
              "name": "doc",
              "path": "/nix/store/nw2ng4sh1vzih1rrfzlivd2c7ifh9zm2-postgresql-15.7-doc"
            },
            {
              "name": "lib",
              "path": "/nix/store/fvs07mhcygpwy41jhw34kq7ghlcnv4nf-postgresql-15.7-lib"
            }
          ],
          "store_path": "/nix/store/bm08f8k2gyndfq1mszvdm07jnmwr6nlf-postgresql-15.7"
        },
        "x86_64-darwin": {
          "outputs": [
            {
              "name": "out",
              "path": "/nix/store/q4h9xjc0804xkcb0l7kxmp8rbqadlpg9-postgresql-15.7",
              "default": true
            },
            {
              "name": "man",
              "path": "/nix/store/22xrk7r5c4bh12wnmh4xssd1xk06b96l-postgresql-15.7-man",
              "default": true
            },
            {
              "name": "doc",
              "path": "/nix/store/4ynkh5cclgi0jcg42868z764irl32dx3-postgresql-15.7-doc"
            },
            {
              "name": "lib",
              "path": "/nix/store/4bqzgkyvzc7c7i955raibmaqabffsi4y-postgresql-15.7-lib"
            }
          ],
          "store_path": "/nix/store/q4h9xjc0804xkcb0l7kxmp8rbqadlpg9-postgresql-15.7"
        },
        "x86_64-linux": {
          "outputs": [
            {
              "name": "out",
              "path": "/nix/store/8gr5ybhmdkafii5idcg57p66nk1qd6sf-postgresql-15.7",
              "default": true
            },
            {
              "name": "man",
              "path": "/nix/store/0j6lskwq3imd8gdwy5rz9sjmn3c41qbc-postgresql-15.7-man",
              "default": true
            },
            {
              "name": "debug",
              "path": "/nix/store/xw1fhj72fzrlkvapaf1spx19ixqm7394-postgresql-15.7-debug"
            },
            {
              "name": "doc",
              "path": "/nix/store/01snq9n6ka7zkb4dp7k639mbb5p0v5qi-postgresql-15.7-doc"
            },
            {
              "name": "lib",
              "path": "/nix/store/9xj29q1wf5wazv63hn5dxlwsp8k3h5lc-postgresql-15.7-lib"
            }
          ],
          "store_path": "/nix/store/8gr5ybhmdkafii5idcg57p66nk1qd6sf-postgresql-15.7"
        }
      }
    },
    "ruby@3.4.8": {
      "last_modified": "2026-03-21T07:29:51Z",
      "plugin_version": "0.0.2",
      "resolved": "github:NixOS/nixpkgs/09061f748ee21f68a089cd5d91ec1859cd93d0be#ruby",
      "source": "devbox-search",
      "version": "3.4.8",
      "systems": {
        "aarch64-darwin": {
          "outputs": [
            {
              "name": "out",
              "path": "/nix/store/88sazm3fj9kabg4pxmnjc53cx0syp8fk-ruby-3.4.8",
              "default": true
            },
            {
              "name": "devdoc",
              "path": "/nix/store/mk7a50jsk138apqrnlzc077cik8cr47m-ruby-3.4.8-devdoc"
            }
          ],
          "store_path": "/nix/store/88sazm3fj9kabg4pxmnjc53cx0syp8fk-ruby-3.4.8"
        },
        "aarch64-linux": {
          "outputs": [
            {
              "name": "out",
              "path": "/nix/store/rpcpk0lxd8iliza4nl9apsgrpsb2yk4d-ruby-3.4.8",
              "default": true
            },
            {
              "name": "devdoc",
              "path": "/nix/store/9wnq7dd2yw2lbjs69y19lm08ranqa930-ruby-3.4.8-devdoc"
            }
          ],
          "store_path": "/nix/store/rpcpk0lxd8iliza4nl9apsgrpsb2yk4d-ruby-3.4.8"
        },
        "x86_64-darwin": {
          "outputs": [
            {
              "name": "out",
              "path": "/nix/store/gq0vdqfz16vf64ip8p749rmygxd7n3x1-ruby-3.4.8",
              "default": true
            },
            {
              "name": "devdoc",
              "path": "/nix/store/k3yn26wvgk4mfrd5nw4a23wnijd9hz6c-ruby-3.4.8-devdoc"
            }
          ],
          "store_path": "/nix/store/gq0vdqfz16vf64ip8p749rmygxd7n3x1-ruby-3.4.8"
        },
        "x86_64-linux": {
          "outputs": [
            {
              "name": "out",
              "path": "/nix/store/s57rf37r1i38kpm3nlv4h8f8z2w2n80d-ruby-3.4.8",
              "default": true
            },
            {
              "name": "devdoc",
              "path": "/nix/store/4k6c15chplw6cicc6f3lgzmi7i4792j6-ruby-3.4.8-devdoc"
            }
          ],
          "store_path": "/nix/store/s57rf37r1i38kpm3nlv4h8f8z2w2n80d-ruby-3.4.8"
        }
      }
    },
    "selenium-manager@latest": {
      "last_modified": "2026-03-21T07:29:51Z",
      "resolved": "github:NixOS/nixpkgs/09061f748ee21f68a089cd5d91ec1859cd93d0be#selenium-manager",
      "source": "devbox-search",
      "version": "4.40.0",
      "systems": {
        "aarch64-darwin": {
          "outputs": [
            {
              "name": "out",
              "path": "/nix/store/3gxg63ql7czc7m2vnl37l4aaq2dhyx9p-selenium-manager-4.40.0",
              "default": true
            }
          ],
          "store_path": "/nix/store/3gxg63ql7czc7m2vnl37l4aaq2dhyx9p-selenium-manager-4.40.0"
        },
        "aarch64-linux": {
          "outputs": [
            {
              "name": "out",
              "path": "/nix/store/4pgxm6ay8fd4arl8czlkfswfcqn7afvl-selenium-manager-4.40.0",
              "default": true
            }
          ],
          "store_path": "/nix/store/4pgxm6ay8fd4arl8czlkfswfcqn7afvl-selenium-manager-4.40.0"
        },
        "x86_64-darwin": {
          "outputs": [
            {
              "name": "out",
              "path": "/nix/store/y570plz25bf76jqck7gqw7ya4xirwpwh-selenium-manager-4.40.0",
              "default": true
            }
          ],
          "store_path": "/nix/store/y570plz25bf76jqck7gqw7ya4xirwpwh-selenium-manager-4.40.0"
        },
        "x86_64-linux": {
          "outputs": [
            {
              "name": "out",
              "path": "/nix/store/d99jdvl632rcv5pqsrwsgil92fs30rri-selenium-manager-4.40.0",
              "default": true
            }
          ],
          "store_path": "/nix/store/d99jdvl632rcv5pqsrwsgil92fs30rri-selenium-manager-4.40.0"
        }
      }
    },
    "stdenv": {
      "resolved": "github:NixOS/nixpkgs/d1c15b7d5806069da59e819999d70e1cec0760bf?narHash=sha256-b9uG8yN50DRQ6A7JdZBfzq718ryYrlmGgqkRm9OOwCE%3D#stdenv",
      "source": "nixpkg",
      "systems": {
        "aarch64-darwin": {
          "outputs": [
            {
              "path": "/nix/store/kadgci668drg4iadff84lqr2dxx1x838-stdenv-darwin",
              "default": true
            }
          ]
        }
      }
    },
    "xmlsec@latest": {
      "last_modified": "2026-03-21T07:29:51Z",
      "resolved": "github:NixOS/nixpkgs/09061f748ee21f68a089cd5d91ec1859cd93d0be#xmlsec",
      "source": "devbox-search",
      "version": "1.3.7",
      "systems": {
        "aarch64-darwin": {
          "outputs": [
            {
              "name": "out",
              "path": "/nix/store/0v40vg6wfba12wfrg03rgxwqcvcnxfrw-xmlsec-1.3.7",
              "default": true
            },
            {
              "name": "dev",
              "path": "/nix/store/4skp7ihf7w4isl3sxr9h686dzhb15m1k-xmlsec-1.3.7-dev"
            }
          ],
          "store_path": "/nix/store/0v40vg6wfba12wfrg03rgxwqcvcnxfrw-xmlsec-1.3.7"
        },
        "aarch64-linux": {
          "outputs": [
            {
              "name": "out",
              "path": "/nix/store/bp40rm30dxg58lj06pkqq8jyc32hq3hs-xmlsec-1.3.7",
              "default": true
            },
            {
              "name": "dev",
              "path": "/nix/store/9kq10sp7flzanga277fc4pc0gvr9bgsb-xmlsec-1.3.7-dev"
            }
          ],
          "store_path": "/nix/store/bp40rm30dxg58lj06pkqq8jyc32hq3hs-xmlsec-1.3.7"
        },
        "x86_64-darwin": {
          "outputs": [
            {
              "name": "out",
              "path": "/nix/store/4s0xm5b767wg2kmpqmjynkw0qab8ainc-xmlsec-1.3.7",
              "default": true
            },
            {
              "name": "dev",
              "path": "/nix/store/5vvj2wiiyhnzrnzl0d20p7l16lbgnn0p-xmlsec-1.3.7-dev"
            }
          ],
          "store_path": "/nix/store/4s0xm5b767wg2kmpqmjynkw0qab8ainc-xmlsec-1.3.7"
        },
        "x86_64-linux": {
          "outputs": [
            {
              "name": "out",
              "path": "/nix/store/4lwszfx8j8h4v35p91yqiz61xjqnh52f-xmlsec-1.3.7",
              "default": true
            },
            {
              "name": "dev",
              "path": "/nix/store/aak5s5qcja0fk9k4bf7ffl19vd7axdcx-xmlsec-1.3.7-dev"
            }
          ],
          "store_path": "/nix/store/4lwszfx8j8h4v35p91yqiz61xjqnh52f-xmlsec-1.3.7"
        }
      }
    },
    "yarn-berry_4@4.13.0": {
      "last_modified": "2026-03-21T07:29:51Z",
      "resolved": "github:NixOS/nixpkgs/09061f748ee21f68a089cd5d91ec1859cd93d0be#yarn-berry_4",
      "source": "devbox-search",
      "version": "4.13.0",
      "systems": {
        "aarch64-darwin": {
          "outputs": [
            {
              "name": "out",
              "path": "/nix/store/b1md6hp71c5lcgj7nn2iqm69qryry1nn-yarn-berry-4.13.0",
              "default": true
            }
          ],
          "store_path": "/nix/store/b1md6hp71c5lcgj7nn2iqm69qryry1nn-yarn-berry-4.13.0"
        },
        "aarch64-linux": {
          "outputs": [
            {
              "name": "out",
              "path": "/nix/store/p64sf0mkrr5zp6ikaa5lq05554n4960s-yarn-berry-4.13.0",
              "default": true
            }
          ],
          "store_path": "/nix/store/p64sf0mkrr5zp6ikaa5lq05554n4960s-yarn-berry-4.13.0"
        },
        "x86_64-darwin": {
          "outputs": [
            {
              "name": "out",
              "path": "/nix/store/gd4bawwhkrvwxms96vq1z0vpy8j51fra-yarn-berry-4.13.0",
              "default": true
            }
          ],
          "store_path": "/nix/store/gd4bawwhkrvwxms96vq1z0vpy8j51fra-yarn-berry-4.13.0"
        },
        "x86_64-linux": {
          "outputs": [
            {
              "name": "out",
              "path": "/nix/store/gr19h6hyx64amxbh334csgsqgjhljwyx-yarn-berry-4.13.0",
              "default": true
            }
          ],
          "store_path": "/nix/store/gr19h6hyx64amxbh334csgsqgjhljwyx-yarn-berry-4.13.0"
        }
      }
    }
  }
}
